
Microsoft Visual Studio Solution File, Format Version 12.00
# Visual Studio Version 17
VisualStudioVersion = 17.14.36518.9 d17.14
MinimumVisualStudioVersion = 10.0.40219.1
Project("{FAE04EC0-301F-11D3-BF4B-00C04F79EFBC}") = "Battleship", "oop\Battleship.csproj", "{EBCBA995-A58E-4C13-B692-72CF44B85F65}"
EndProject
Global
	GlobalSection(SolutionConfigurationPlatforms) = preSolution
		Debug|Any CPU = Debug|Any CPU
		Release|Any CPU = Release|Any CPU
	EndGlobalSection
	GlobalSection(ProjectConfigurationPlatforms) = postSolution
		{EBCBA995-A58E-4C13-B692-72CF44B85F65}.Debug|Any CPU.ActiveCfg = Debug|Any CPU
		{EBCBA995-A58E-4C13-B692-72CF44B85F65}.Debug|Any CPU.Build.0 = Debug|Any CPU
		{EBCBA995-A58E-4C13-B692-72CF44B85F65}.Release|Any CPU.ActiveCfg = Release|Any CPU
		{EBCBA995-A58E-4C13-B692-72CF44B85F65}.Release|Any CPU.Build.0 = Release|Any CPU
	EndGlobalSection
	GlobalSection(SolutionProperties) = preSolution
		HideSolutionNode = FALSE
	EndGlobalSection
	GlobalSection(ExtensibilityGlobals) = postSolution
		SolutionGuid = {FA136A56-B9D5-4E7C-B795-85B062B5F1B9}
	EndGlobalSection
EndGlobal
